<?xml version="1.0" encoding="utf-8"?>
<Project ToolsVersion="4.0" xmlns="http://schemas.microsoft.com/developer/msbuild/2003">
  <ItemGroup>
    <Filter Include="Source Files">
      <UniqueIdentifier>{4FC737F1-C7A5-4376-A066-2A32D752A2FF}</UniqueIdentifier>
      <Extensions>cpp;c;cc;cxx;c++;cppm;ixx;def;odl;idl;hpj;bat;asm;asmx</Extensions>
    </Filter>
    <Filter Include="Header Files">
      <UniqueIdentifier>{93995380-89BD-4b04-88EB-625FBE52EBFB}</UniqueIdentifier>
      <Extensions>h;hh;hpp;hxx;h++;hm;inl;inc;ipp;xsd</Extensions>
    </Filter>
    <Filter Include="Resource Files">
      <UniqueIdentifier>{67DA6AB6-F800-4c08-8B7A-83BB121AAD01}</UniqueIdentifier>
      <Extensions>rc;ico;cur;bmp;dlg;rc2;rct;bin;rgs;gif;jpg;jpeg;jpe;resx;tiff;tif;png;wav;mfcribbon-ms</Extensions>
    </Filter>
    <Filter Include="Source Files\OOP_Course">
      <UniqueIdentifier>{335bc8ee-fa1b-43ee-bb31-e7c89a4ad364}</UniqueIdentifier>
    </Filter>
  </ItemGroup>
  <ItemGroup>
    <ClCompile Include="LinkedListSource.cpp">
      <Filter>Source Files</Filter>
    </ClCompile>
    <ClCompile Include="HW1_UserNamePassword.cpp">
      <Filter>Source Files</Filter>
    </ClCompile>
    <ClCompile Include="HW2_CPP.cpp">
      <Filter>Source Files</Filter>
    </ClCompile>
    <ClCompile Include="HW3_Function_Overloading.cpp">
      <Filter>Source Files</Filter>
    </ClCompile>
    <ClCompile Include="QuickSort.cpp">
      <Filter>Source Files</Filter>
    </ClCompile>
    <ClCompile Include="HW3_Pointer.cpp">
      <Filter>Source Files</Filter>
    </ClCompile>
    <ClCompile Include="ArrayPointers.cpp">
      <Filter>Source Files</Filter>
    </ClCompile>
    <ClCompile Include="inlineFuntions.cpp">
      <Filter>Source Files</Filter>
    </ClCompile>
    <ClCompile Include="InsertionSort.cpp">
      <Filter>Source Files</Filter>
    </ClCompile>
    <ClCompile Include="muzeeb%27s.cpp">
      <Filter>Source Files</Filter>
    </ClCompile>
    <ClCompile Include="EvenOdd.cpp">
      <Filter>Source Files\OOP_Course</Filter>
    </ClCompile>
    <ClCompile Include="PrimeNumbers.cpp">
      <Filter>Source Files\OOP_Course</Filter>
    </ClCompile>
    <ClCompile Include="HCF-LCF.cpp">
      <Filter>Source Files\OOP_Course</Filter>
    </ClCompile>
    <ClCompile Include="Matrix.cpp">
      <Filter>Source Files\OOP_Course</Filter>
    </ClCompile>
    <ClCompile Include="SimpleClaculator.cpp">
      <Filter>Source Files\OOP_Course</Filter>
    </ClCompile>
    <ClCompile Include="DefaultParameter.cpp">
      <Filter>Source Files\OOP_Course</Filter>
    </ClCompile>
    <ClCompile Include="Inheritance.cpp">
      <Filter>Source Files\OOP_Course</Filter>
    </ClCompile>
    <ClCompile Include="SizeOfDataTypes.cpp">
      <Filter>Source Files\OOP_Course</Filter>
    </ClCompile>
    <ClCompile Include="SumOfArrayUsingPointers.cpp">
      <Filter>Source Files\OOP_Course</Filter>
    </ClCompile>
    <ClCompile Include="BiggestValueInArray.cpp">
      <Filter>Source Files\OOP_Course</Filter>
    </ClCompile>
    <ClCompile Include="Calculator.cpp">
      <Filter>Source Files\OOP_Course</Filter>
    </ClCompile>
    <ClCompile Include="UninaryOperator.cpp">
      <Filter>Source Files\OOP_Course</Filter>
    </ClCompile>
    <ClCompile Include="ArryPointers.cpp">
      <Filter>Source Files\OOP_Course</Filter>
    </ClCompile>
    <ClCompile Include="PointerStructure.cpp">
      <Filter>Source Files\OOP_Course</Filter>
    </ClCompile>
    <ClCompile Include="DynamicMemoryAllocation.cpp">
      <Filter>Source Files\OOP_Course</Filter>
    </ClCompile>
    <ClCompile Include="BankAccount.cpp">
      <Filter>Source Files\OOP_Course</Filter>
    </ClCompile>
    <ClCompile Include="OperatorOverloading.cpp">
      <Filter>Source Files\OOP_Course</Filter>
    </ClCompile>
    <ClCompile Include="OverlloadingIncrementanddecrementoperator.cpp">
      <Filter>Source Files\OOP_Course</Filter>
    </ClCompile>
    <ClCompile Include="MatrixFunctionTemplate.cpp">
      <Filter>Source Files</Filter>
    </ClCompile>
    <ClCompile Include="FStream.cpp">
      <Filter>Source Files\OOP_Course</Filter>
    </ClCompile>
    <ClCompile Include="ConstructorDestrtuctor.cpp">
      <Filter>Source Files\OOP_Course</Filter>
    </ClCompile>
    <ClCompile Include="Stack.cpp">
      <Filter>Source Files\OOP_Course</Filter>
    </ClCompile>
    <ClCompile Include="ArraySortingUsingTemplate.cpp">
      <Filter>Source Files\OOP_Course</Filter>
    </ClCompile>
    <ClCompile Include="VirtualFunctions.cpp">
      <Filter>Source Files\OOP_Course</Filter>
    </ClCompile>
    <ClCompile Include="ComplexNuberUsingFriends.cpp">
      <Filter>Source Files\OOP_Course</Filter>
    </ClCompile>
    <ClCompile Include="AverageofSubjects.cpp">
      <Filter>Source Files\OOP_Course</Filter>
    </ClCompile>
    <ClCompile Include="CircularQue.cpp">
      <Filter>Source Files</Filter>
    </ClCompile>
    <ClCompile Include="..\ConsoleApplication1\infixtopostfix.cpp">
      <Filter>Source Files\OOP_Course</Filter>
    </ClCompile>
    <ClCompile Include="..\ConsoleApplication1\postfixevaluation.cpp">
      <Filter>Source Files\OOP_Course</Filter>
    </ClCompile>
    <ClCompile Include="..\ConsoleApplication1\prefixevaluation.cpp">
      <Filter>Source Files\OOP_Course</Filter>
    </ClCompile>
  </ItemGroup>
  <ItemGroup>
    <Text Include="xyz.txt">
      <Filter>Source Files\OOP_Course</Filter>
    </Text>
  </ItemGroup>
  <ItemGroup>
    <ClInclude Include="LinkedList.h">
      <Filter>Source Files</Filter>
    </ClInclude>
  </ItemGroup>
</Project>